
Microsoft Visual Studio Solution File, Format Version 12.00
# Visual Studio 15
VisualStudioVersion = 15.0.28010.2050
MinimumVisualStudioVersion = 10.0.40219.1
Project("{FAE04EC0-301F-11D3-BF4B-00C04F79EFBC}") = "Project1", "Project1\Project1.csproj", "{B3600E95-659A-4B5C-9B9B-2F7A6C445489}"
EndProject
Global
	GlobalSection(SolutionConfigurationPlatforms) = preSolution
		Debug|Any CPU = Debug|Any CPU
		Release|Any CPU = Release|Any CPU
	EndGlobalSection
	GlobalSection(ProjectConfigurationPlatforms) = postSolution
		{B3600E95-659A-4B5C-9B9B-2F7A6C445489}.Debug|Any CPU.ActiveCfg = Debug|Any CPU
		{B3600E95-659A-4B5C-9B9B-2F7A6C445489}.Debug|Any CPU.Build.0 = Debug|Any CPU
		{B3600E95-659A-4B5C-9B9B-2F7A6C445489}.Release|Any CPU.ActiveCfg = Release|Any CPU
		{B3600E95-659A-4B5C-9B9B-2F7A6C445489}.Release|Any CPU.Build.0 = Release|Any CPU
	EndGlobalSection
	GlobalSection(SolutionProperties) = preSolution
		HideSolutionNode = FALSE
	EndGlobalSection
	GlobalSection(ExtensibilityGlobals) = postSolution
		SolutionGuid = {77B5AED3-5AED-45D5-81E4-47F96AED68F0}
	EndGlobalSection
EndGlobal
